
Microsoft Visual Studio Solution File, Format Version 12.00
# Visual Studio Version 16
VisualStudioVersion = 16.0.30406.217
MinimumVisualStudioVersion = 10.0.40219.1
Project("{FAE04EC0-301F-11D3-BF4B-00C04F79EFBC}") = "MainForms", "MainForms\MainForms.csproj", "{A44348F9-FD28-40A6-89FD-F1579633FF8C}"
EndProject
Project("{FAE04EC0-301F-11D3-BF4B-00C04F79EFBC}") = "Assamble", "Assamble\Assamble.csproj", "{4C8C9EF8-338A-4351-9422-6BC2CF0EBD21}"
EndProject
Project("{FAE04EC0-301F-11D3-BF4B-00C04F79EFBC}") = "Form_list", "Form_list\Form_list.csproj", "{848418F2-F6B3-49ED-B542-50CC749A130F}"
EndProject
Project("{FAE04EC0-301F-11D3-BF4B-00C04F79EFBC}") = "WorkFactory", "WorkFactory\WorkFactory.csproj", "{A65B1F53-089D-496C-96BE-74D680C923A4}"
EndProject
Global
	GlobalSection(SolutionConfigurationPlatforms) = preSolution
		Debug|Any CPU = Debug|Any CPU
		Release|Any CPU = Release|Any CPU
	EndGlobalSection
	GlobalSection(ProjectConfigurationPlatforms) = postSolution
		{A44348F9-FD28-40A6-89FD-F1579633FF8C}.Debug|Any CPU.ActiveCfg = Debug|Any CPU
		{A44348F9-FD28-40A6-89FD-F1579633FF8C}.Debug|Any CPU.Build.0 = Debug|Any CPU
		{A44348F9-FD28-40A6-89FD-F1579633FF8C}.Release|Any CPU.ActiveCfg = Release|Any CPU
		{A44348F9-FD28-40A6-89FD-F1579633FF8C}.Release|Any CPU.Build.0 = Release|Any CPU
		{4C8C9EF8-338A-4351-9422-6BC2CF0EBD21}.Debug|Any CPU.ActiveCfg = Debug|Any CPU
		{4C8C9EF8-338A-4351-9422-6BC2CF0EBD21}.Debug|Any CPU.Build.0 = Debug|Any CPU
		{4C8C9EF8-338A-4351-9422-6BC2CF0EBD21}.Release|Any CPU.ActiveCfg = Release|Any CPU
		{4C8C9EF8-338A-4351-9422-6BC2CF0EBD21}.Release|Any CPU.Build.0 = Release|Any CPU
		{848418F2-F6B3-49ED-B542-50CC749A130F}.Debug|Any CPU.ActiveCfg = Debug|Any CPU
		{848418F2-F6B3-49ED-B542-50CC749A130F}.Debug|Any CPU.Build.0 = Debug|Any CPU
		{848418F2-F6B3-49ED-B542-50CC749A130F}.Release|Any CPU.ActiveCfg = Release|Any CPU
		{848418F2-F6B3-49ED-B542-50CC749A130F}.Release|Any CPU.Build.0 = Release|Any CPU
		{A65B1F53-089D-496C-96BE-74D680C923A4}.Debug|Any CPU.ActiveCfg = Debug|Any CPU
		{A65B1F53-089D-496C-96BE-74D680C923A4}.Debug|Any CPU.Build.0 = Debug|Any CPU
		{A65B1F53-089D-496C-96BE-74D680C923A4}.Release|Any CPU.ActiveCfg = Release|Any CPU
		{A65B1F53-089D-496C-96BE-74D680C923A4}.Release|Any CPU.Build.0 = Release|Any CPU
	EndGlobalSection
	GlobalSection(SolutionProperties) = preSolution
		HideSolutionNode = FALSE
	EndGlobalSection
	GlobalSection(ExtensibilityGlobals) = postSolution
		SolutionGuid = {CF53EEF6-2938-4536-8FEB-659D8EC32AB5}
	EndGlobalSection
EndGlobal
